
Microsoft Visual Studio Solution File, Format Version 12.00
# Visual Studio Version 17
VisualStudioVersion = 17.2.32602.215
MinimumVisualStudioVersion = 10.0.40219.1
Project("{FAE04EC0-301F-11D3-BF4B-00C04F79EFBC}") = "ConsoleApp19", "ConsoleApp19\ConsoleApp19.csproj", "{06FC2EEE-2472-4FC1-8BBB-98CFFBC6E8FA}"
EndProject
Global
	GlobalSection(SolutionConfigurationPlatforms) = preSolution
		Debug|Any CPU = Debug|Any CPU
		Release|Any CPU = Release|Any CPU
	EndGlobalSection
	GlobalSection(ProjectConfigurationPlatforms) = postSolution
		{06FC2EEE-2472-4FC1-8BBB-98CFFBC6E8FA}.Debug|Any CPU.ActiveCfg = Debug|Any CPU
		{06FC2EEE-2472-4FC1-8BBB-98CFFBC6E8FA}.Debug|Any CPU.Build.0 = Debug|Any CPU
		{06FC2EEE-2472-4FC1-8BBB-98CFFBC6E8FA}.Release|Any CPU.ActiveCfg = Release|Any CPU
		{06FC2EEE-2472-4FC1-8BBB-98CFFBC6E8FA}.Release|Any CPU.Build.0 = Release|Any CPU
	EndGlobalSection
	GlobalSection(SolutionProperties) = preSolution
		HideSolutionNode = FALSE
	EndGlobalSection
	GlobalSection(ExtensibilityGlobals) = postSolution
		SolutionGuid = {12A2EDBE-1237-428B-998D-42C268CDB2EC}
	EndGlobalSection
EndGlobal
